{
  "version": 4,
  "terraform_version": "1.14.0",
  "serial": 26,
  "lineage": "93297237-2e8a-2e0d-b63b-dc8ef96719a9",
  "outputs": {},
  "resources": [
    {
      "mode": "managed",
      "type": "libvirt_cloudinit_disk",
      "name": "commoninit",
      "provider": "provider[\"registry.terraform.io/dmacvicar/libvirt\"]",
      "instances": [
        {
          "schema_version": 0,
          "attributes": {
            "id": "/var/lib/virt/images/commoninit.iso;70387ca6-27d9-4241-831f-573215586dd0",
            "meta_data": "",
            "name": "commoninit.iso",
            "network_config": "network:\n  version: 2\n  ethernets:\n   virbr0 :\n      dhcp4: true\n",
            "pool": "default1",
            "user_data": "#cloud-config\nuser: fedora\npassword: \"fedora\"\nchpasswd: { expire: False }\nhostname: fedora\nssh_pwauth: True\n"
          },
          "sensitive_attributes": [],
          "identity_schema_version": 0,
          "private": "bnVsbA==",
          "dependencies": [
            "libvirt_pool.default1"
          ]
        }
      ]
    },
    {
      "mode": "managed",
      "type": "libvirt_pool",
      "name": "default1",
      "provider": "provider[\"registry.terraform.io/dmacvicar/libvirt\"]",
      "instances": [
        {
          "schema_version": 0,
          "attributes": {
            "allocation": 37158453248,
            "available": 452098482176,
            "capacity": 489256935424,
            "id": "0927eaab-f82f-49ff-93a2-441c44733b8c",
            "name": "default1",
            "path": "/var/lib/virt/images",
            "type": "dir",
            "xml": []
          },
          "sensitive_attributes": [],
          "identity_schema_version": 0,
          "private": "bnVsbA=="
        }
      ]
    },
    {
      "mode": "managed",
      "type": "libvirt_volume",
      "name": "fedora-qcow2",
      "provider": "provider[\"registry.terraform.io/dmacvicar/libvirt\"]",
      "instances": [
        {
          "schema_version": 0,
          "attributes": {
            "base_volume_id": null,
            "base_volume_name": null,
            "base_volume_pool": null,
            "format": "qcow2",
            "id": "/var/lib/virt/images/fedora-qcow2",
            "name": "fedora-qcow2",
            "pool": "default1",
            "size": 5368709120,
            "source": "/home/bhavyapratapsingh/Downloads/Fedora-Cloud-Base-Generic-43-1.6.x86_64.qcow2",
            "xml": []
          },
          "sensitive_attributes": [],
          "identity_schema_version": 0,
          "private": "bnVsbA==",
          "dependencies": [
            "libvirt_pool.default1"
          ]
        }
      ]
    }
  ],
  "check_results": null
}
